
Microsoft Visual Studio Solution File, Format Version 12.00
# Visual Studio Version 16
VisualStudioVersion = 16.0.31515.178
MinimumVisualStudioVersion = 10.0.40219.1
Project("{FAE04EC0-301F-11D3-BF4B-00C04F79EFBC}") = "PE_ListsClasses_APBG", "PE_ListsClasses_APBG.csproj", "{9B01289C-805D-427D-A19D-5E8D0FFBF9E4}"
EndProject
Global
	GlobalSection(SolutionConfigurationPlatforms) = preSolution
		Debug|Any CPU = Debug|Any CPU
		Release|Any CPU = Release|Any CPU
	EndGlobalSection
	GlobalSection(ProjectConfigurationPlatforms) = postSolution
		{9B01289C-805D-427D-A19D-5E8D0FFBF9E4}.Debug|Any CPU.ActiveCfg = Debug|Any CPU
		{9B01289C-805D-427D-A19D-5E8D0FFBF9E4}.Debug|Any CPU.Build.0 = Debug|Any CPU
		{9B01289C-805D-427D-A19D-5E8D0FFBF9E4}.Release|Any CPU.ActiveCfg = Release|Any CPU
		{9B01289C-805D-427D-A19D-5E8D0FFBF9E4}.Release|Any CPU.Build.0 = Release|Any CPU
	EndGlobalSection
	GlobalSection(SolutionProperties) = preSolution
		HideSolutionNode = FALSE
	EndGlobalSection
	GlobalSection(ExtensibilityGlobals) = postSolution
		SolutionGuid = {2DC3577A-9251-4C93-847E-0A2B7FE097F0}
	EndGlobalSection
EndGlobal
