
Microsoft Visual Studio Solution File, Format Version 12.00
# Visual Studio Version 16
VisualStudioVersion = 16.0.31515.178
MinimumVisualStudioVersion = 10.0.40219.1
Project("{FAE04EC0-301F-11D3-BF4B-00C04F79EFBC}") = "PE_StackQueues_APBG", "PE_StackQueues_APBG.csproj", "{6E3DB003-F194-4238-9A66-71A5D1F8C970}"
EndProject
Global
	GlobalSection(SolutionConfigurationPlatforms) = preSolution
		Debug|Any CPU = Debug|Any CPU
		Release|Any CPU = Release|Any CPU
	EndGlobalSection
	GlobalSection(ProjectConfigurationPlatforms) = postSolution
		{6E3DB003-F194-4238-9A66-71A5D1F8C970}.Debug|Any CPU.ActiveCfg = Debug|Any CPU
		{6E3DB003-F194-4238-9A66-71A5D1F8C970}.Debug|Any CPU.Build.0 = Debug|Any CPU
		{6E3DB003-F194-4238-9A66-71A5D1F8C970}.Release|Any CPU.ActiveCfg = Release|Any CPU
		{6E3DB003-F194-4238-9A66-71A5D1F8C970}.Release|Any CPU.Build.0 = Release|Any CPU
	EndGlobalSection
	GlobalSection(SolutionProperties) = preSolution
		HideSolutionNode = FALSE
	EndGlobalSection
	GlobalSection(ExtensibilityGlobals) = postSolution
		SolutionGuid = {1A330A1A-4FE2-4EE9-86FA-11193CA42536}
	EndGlobalSection
EndGlobal
