
Microsoft Visual Studio Solution File, Format Version 12.00
# Visual Studio Version 16
VisualStudioVersion = 16.0.31515.178
MinimumVisualStudioVersion = 10.0.40219.1
Project("{FAE04EC0-301F-11D3-BF4B-00C04F79EFBC}") = "PE_MonoGameBasics_APBG", "PE_MonoGameBasics_APBG.csproj", "{C477CF82-1F52-419E-B117-04E963B317D8}"
EndProject
Global
	GlobalSection(SolutionConfigurationPlatforms) = preSolution
		Debug|Any CPU = Debug|Any CPU
		Release|Any CPU = Release|Any CPU
	EndGlobalSection
	GlobalSection(ProjectConfigurationPlatforms) = postSolution
		{C477CF82-1F52-419E-B117-04E963B317D8}.Debug|Any CPU.ActiveCfg = Debug|Any CPU
		{C477CF82-1F52-419E-B117-04E963B317D8}.Debug|Any CPU.Build.0 = Debug|Any CPU
		{C477CF82-1F52-419E-B117-04E963B317D8}.Release|Any CPU.ActiveCfg = Release|Any CPU
		{C477CF82-1F52-419E-B117-04E963B317D8}.Release|Any CPU.Build.0 = Release|Any CPU
	EndGlobalSection
	GlobalSection(SolutionProperties) = preSolution
		HideSolutionNode = FALSE
	EndGlobalSection
	GlobalSection(ExtensibilityGlobals) = postSolution
		SolutionGuid = {41DBD793-BD5F-4DB9-8BD5-F855E7C4FD6D}
	EndGlobalSection
EndGlobal
