
Microsoft Visual Studio Solution File, Format Version 12.00
# Visual Studio Version 16
VisualStudioVersion = 16.0.31624.102
MinimumVisualStudioVersion = 10.0.40219.1
Project("{FAE04EC0-301F-11D3-BF4B-00C04F79EFBC}") = "HW_MadLibs_AP", "HW_MadLibs_AP.csproj", "{30E993CE-4D3C-46BE-8220-898CCF799622}"
EndProject
Global
	GlobalSection(SolutionConfigurationPlatforms) = preSolution
		Debug|Any CPU = Debug|Any CPU
		Release|Any CPU = Release|Any CPU
	EndGlobalSection
	GlobalSection(ProjectConfigurationPlatforms) = postSolution
		{30E993CE-4D3C-46BE-8220-898CCF799622}.Debug|Any CPU.ActiveCfg = Debug|Any CPU
		{30E993CE-4D3C-46BE-8220-898CCF799622}.Debug|Any CPU.Build.0 = Debug|Any CPU
		{30E993CE-4D3C-46BE-8220-898CCF799622}.Release|Any CPU.ActiveCfg = Release|Any CPU
		{30E993CE-4D3C-46BE-8220-898CCF799622}.Release|Any CPU.Build.0 = Release|Any CPU
	EndGlobalSection
	GlobalSection(SolutionProperties) = preSolution
		HideSolutionNode = FALSE
	EndGlobalSection
	GlobalSection(ExtensibilityGlobals) = postSolution
		SolutionGuid = {B20CE0D2-FAEF-41AA-B002-5918201547B3}
	EndGlobalSection
EndGlobal
