
Microsoft Visual Studio Solution File, Format Version 12.00
# Visual Studio Version 16
VisualStudioVersion = 16.0.31624.102
MinimumVisualStudioVersion = 10.0.40219.1
Project("{FAE04EC0-301F-11D3-BF4B-00C04F79EFBC}") = "PE_Switches_AP", "PE_Switches_AP.csproj", "{7431EA1E-0E6C-4056-8585-163DF5F82CAC}"
EndProject
Global
	GlobalSection(SolutionConfigurationPlatforms) = preSolution
		Debug|Any CPU = Debug|Any CPU
		Release|Any CPU = Release|Any CPU
	EndGlobalSection
	GlobalSection(ProjectConfigurationPlatforms) = postSolution
		{7431EA1E-0E6C-4056-8585-163DF5F82CAC}.Debug|Any CPU.ActiveCfg = Debug|Any CPU
		{7431EA1E-0E6C-4056-8585-163DF5F82CAC}.Debug|Any CPU.Build.0 = Debug|Any CPU
		{7431EA1E-0E6C-4056-8585-163DF5F82CAC}.Release|Any CPU.ActiveCfg = Release|Any CPU
		{7431EA1E-0E6C-4056-8585-163DF5F82CAC}.Release|Any CPU.Build.0 = Release|Any CPU
	EndGlobalSection
	GlobalSection(SolutionProperties) = preSolution
		HideSolutionNode = FALSE
	EndGlobalSection
	GlobalSection(ExtensibilityGlobals) = postSolution
		SolutionGuid = {CBC2C925-B173-4B33-994D-2EB17758E7C6}
	EndGlobalSection
EndGlobal
