
Microsoft Visual Studio Solution File, Format Version 12.00
# Visual Studio Version 16
VisualStudioVersion = 16.0.31515.178
MinimumVisualStudioVersion = 10.0.40219.1
Project("{FAE04EC0-301F-11D3-BF4B-00C04F79EFBC}") = "PE_IOClasses_AP", "PE_IOClasses_AP.csproj", "{329FEA60-5134-4F6A-BA3E-CD4E32577F09}"
EndProject
Global
	GlobalSection(SolutionConfigurationPlatforms) = preSolution
		Debug|Any CPU = Debug|Any CPU
		Release|Any CPU = Release|Any CPU
	EndGlobalSection
	GlobalSection(ProjectConfigurationPlatforms) = postSolution
		{329FEA60-5134-4F6A-BA3E-CD4E32577F09}.Debug|Any CPU.ActiveCfg = Debug|Any CPU
		{329FEA60-5134-4F6A-BA3E-CD4E32577F09}.Debug|Any CPU.Build.0 = Debug|Any CPU
		{329FEA60-5134-4F6A-BA3E-CD4E32577F09}.Release|Any CPU.ActiveCfg = Release|Any CPU
		{329FEA60-5134-4F6A-BA3E-CD4E32577F09}.Release|Any CPU.Build.0 = Release|Any CPU
	EndGlobalSection
	GlobalSection(SolutionProperties) = preSolution
		HideSolutionNode = FALSE
	EndGlobalSection
	GlobalSection(ExtensibilityGlobals) = postSolution
		SolutionGuid = {3E6BC39B-32A3-40D9-9345-EF236BB592E0}
	EndGlobalSection
EndGlobal
